// !$*UTF8*$!
{
	archiveVersion = 1;
	classes = {
	};
	objectVersion = 46;
	objects = {

/* Begin PBXBuildFile section */
		286508C11CCC289B007C363F /* SettingsTableViewController.swift in Sources */ = {isa = PBXBuildFile; fileRef = 286508C01CCC289B007C363F /* SettingsTableViewController.swift */; };
		286508C51CCC2907007C363F /* SetEveningViewController.swift in Sources */ = {isa = PBXBuildFile; fileRef = 286508C21CCC2907007C363F /* SetEveningViewController.swift */; };
		286508C61CCC2907007C363F /* SetMorningViewController.swift in Sources */ = {isa = PBXBuildFile; fileRef = 286508C31CCC2907007C363F /* SetMorningViewController.swift */; };
		286508C71CCC2907007C363F /* TimeTillReplacementViewController.swift in Sources */ = {isa = PBXBuildFile; fileRef = 286508C41CCC2907007C363F /* TimeTillReplacementViewController.swift */; };
		286508C91CCC2A8F007C363F /* TipsViewController.swift in Sources */ = {isa = PBXBuildFile; fileRef = 286508C81CCC2A8F007C363F /* TipsViewController.swift */; };
		287780E01CC9B5BF0084F161 /* AppDelegate.swift in Sources */ = {isa = PBXBuildFile; fileRef = 287780DF1CC9B5BF0084F161 /* AppDelegate.swift */; };
		287780E51CC9B5BF0084F161 /* Main.storyboard in Resources */ = {isa = PBXBuildFile; fileRef = 287780E31CC9B5BF0084F161 /* Main.storyboard */; };
		287780E81CC9B5BF0084F161 /* GreatTeeth.xcdatamodeld in Sources */ = {isa = PBXBuildFile; fileRef = 287780E61CC9B5BF0084F161 /* GreatTeeth.xcdatamodeld */; };
		287780EA1CC9B5BF0084F161 /* Assets.xcassets in Resources */ = {isa = PBXBuildFile; fileRef = 287780E91CC9B5BF0084F161 /* Assets.xcassets */; };
		287780ED1CC9B5BF0084F161 /* LaunchScreen.storyboard in Resources */ = {isa = PBXBuildFile; fileRef = 287780EB1CC9B5BF0084F161 /* LaunchScreen.storyboard */; };
		287780F51CC9B64B0084F161 /* InitialViewController.swift in Sources */ = {isa = PBXBuildFile; fileRef = 287780F41CC9B64B0084F161 /* InitialViewController.swift */; };
		287BEFEC1CCB282E00852F95 /* ActivityTracker.swift in Sources */ = {isa = PBXBuildFile; fileRef = 287BEFEB1CCB282E00852F95 /* ActivityTracker.swift */; };
		287BEFEE1CCBFA7100852F95 /* SummaryViewController.swift in Sources */ = {isa = PBXBuildFile; fileRef = 287BEFED1CCBFA7100852F95 /* SummaryViewController.swift */; };
		287BEFF01CCC1B3500852F95 /* KDCircularProgress.swift in Sources */ = {isa = PBXBuildFile; fileRef = 287BEFEF1CCC1B3500852F95 /* KDCircularProgress.swift */; };
/* End PBXBuildFile section */

/* Begin PBXFileReference section */
		286508C01CCC289B007C363F /* SettingsTableViewController.swift */ = {isa = PBXFileReference; fileEncoding = 4; lastKnownFileType = sourcecode.swift; path = SettingsTableViewController.swift; sourceTree = "<group>"; };
		286508C21CCC2907007C363F /* SetEveningViewController.swift */ = {isa = PBXFileReference; fileEncoding = 4; lastKnownFileType = sourcecode.swift; path = SetEveningViewController.swift; sourceTree = "<group>"; };
		286508C31CCC2907007C363F /* SetMorningViewController.swift */ = {isa = PBXFileReference; fileEncoding = 4; lastKnownFileType = sourcecode.swift; path = SetMorningViewController.swift; sourceTree = "<group>"; };
		286508C41CCC2907007C363F /* TimeTillReplacementViewController.swift */ = {isa = PBXFileReference; fileEncoding = 4; lastKnownFileType = sourcecode.swift; path = TimeTillReplacementViewController.swift; sourceTree = "<group>"; };
		286508C81CCC2A8F007C363F /* TipsViewController.swift */ = {isa = PBXFileReference; fileEncoding = 4; lastKnownFileType = sourcecode.swift; path = TipsViewController.swift; sourceTree = "<group>"; };
		287780DC1CC9B5BF0084F161 /* Great Teeth.app */ = {isa = PBXFileReference; explicitFileType = wrapper.application; includeInIndex = 0; path = "Great Teeth.app"; sourceTree = BUILT_PRODUCTS_DIR; };
		287780DF1CC9B5BF0084F161 /* AppDelegate.swift */ = {isa = PBXFileReference; lastKnownFileType = sourcecode.swift; path = AppDelegate.swift; sourceTree = "<group>"; };
		287780E41CC9B5BF0084F161 /* Base */ = {isa = PBXFileReference; lastKnownFileType = file.storyboard; name = Base; path = Base.lproj/Main.storyboard; sourceTree = "<group>"; };
		287780E71CC9B5BF0084F161 /* GreatTeeth.xcdatamodel */ = {isa = PBXFileReference; lastKnownFileType = wrapper.xcdatamodel; path = GreatTeeth.xcdatamodel; sourceTree = "<group>"; };
		287780E91CC9B5BF0084F161 /* Assets.xcassets */ = {isa = PBXFileReference; lastKnownFileType = folder.assetcatalog; path = Assets.xcassets; sourceTree = "<group>"; };
		287780EC1CC9B5BF0084F161 /* Base */ = {isa = PBXFileReference; lastKnownFileType = file.storyboard; name = Base; path = Base.lproj/LaunchScreen.storyboard; sourceTree = "<group>"; };
		287780EE1CC9B5BF0084F161 /* Info.plist */ = {isa = PBXFileReference; lastKnownFileType = text.plist.xml; path = Info.plist; sourceTree = "<group>"; };
		287780F41CC9B64B0084F161 /* InitialViewController.swift */ = {isa = PBXFileReference; fileEncoding = 4; lastKnownFileType = sourcecode.swift; path = InitialViewController.swift; sourceTree = "<group>"; };
		287BEFEB1CCB282E00852F95 /* ActivityTracker.swift */ = {isa = PBXFileReference; fileEncoding = 4; lastKnownFileType = sourcecode.swift; path = ActivityTracker.swift; sourceTree = "<group>"; };
		287BEFED1CCBFA7100852F95 /* SummaryViewController.swift */ = {isa = PBXFileReference; fileEncoding = 4; lastKnownFileType = sourcecode.swift; path = SummaryViewController.swift; sourceTree = "<group>"; };
		287BEFEF1CCC1B3500852F95 /* KDCircularProgress.swift */ = {isa = PBXFileReference; fileEncoding = 4; lastKnownFileType = sourcecode.swift; path = KDCircularProgress.swift; sourceTree = "<group>"; };
/* End PBXFileReference section */

/* Begin PBXFrameworksBuildPhase section */
		287780D91CC9B5BF0084F161 /* Frameworks */ = {
			isa = PBXFrameworksBuildPhase;
			buildActionMask = 2147483647;
			files = (
			);
			runOnlyForDeploymentPostprocessing = 0;
		};
/* End PBXFrameworksBuildPhase section */

/* Begin PBXGroup section */
		287780D31CC9B5BF0084F161 = {
			isa = PBXGroup;
			children = (
				287780DE1CC9B5BF0084F161 /* GreatTeeth */,
				287780DD1CC9B5BF0084F161 /* Products */,
			);
			sourceTree = "<group>";
		};
		287780DD1CC9B5BF0084F161 /* Products */ = {
			isa = PBXGroup;
			children = (
				287780DC1CC9B5BF0084F161 /* Great Teeth.app */,
			);
			name = Products;
			sourceTree = "<group>";
		};
		287780DE1CC9B5BF0084F161 /* GreatTeeth */ = {
			isa = PBXGroup;
			children = (
				287BEFF11CCC1B3A00852F95 /* Libraries */,
				287BEFE71CCB20D600852F95 /* Models */,
				287BEFE61CCB20D000852F95 /* Controllers */,
				287BEFE81CCB20DD00852F95 /* XIBs */,
				287BEFE91CCB20EA00852F95 /* Assets */,
				287BEFEA1CCB210000852F95 /* Storage */,
			);
			path = GreatTeeth;
			sourceTree = "<group>";
		};
		287BEFE61CCB20D000852F95 /* Controllers */ = {
			isa = PBXGroup;
			children = (
				287780F41CC9B64B0084F161 /* InitialViewController.swift */,
				287BEFED1CCBFA7100852F95 /* SummaryViewController.swift */,
				286508C01CCC289B007C363F /* SettingsTableViewController.swift */,
				286508C21CCC2907007C363F /* SetEveningViewController.swift */,
				286508C31CCC2907007C363F /* SetMorningViewController.swift */,
				286508C41CCC2907007C363F /* TimeTillReplacementViewController.swift */,
				286508C81CCC2A8F007C363F /* TipsViewController.swift */,
			);
			name = Controllers;
			sourceTree = "<group>";
		};
		287BEFE71CCB20D600852F95 /* Models */ = {
			isa = PBXGroup;
			children = (
				287780DF1CC9B5BF0084F161 /* AppDelegate.swift */,
				287BEFEB1CCB282E00852F95 /* ActivityTracker.swift */,
			);
			name = Models;
			sourceTree = "<group>";
		};
		287BEFE81CCB20DD00852F95 /* XIBs */ = {
			isa = PBXGroup;
			children = (
				287780E31CC9B5BF0084F161 /* Main.storyboard */,
				287780EB1CC9B5BF0084F161 /* LaunchScreen.storyboard */,
			);
			name = XIBs;
			sourceTree = "<group>";
		};
		287BEFE91CCB20EA00852F95 /* Assets */ = {
			isa = PBXGroup;
			children = (
				287780E91CC9B5BF0084F161 /* Assets.xcassets */,
				287780EE1CC9B5BF0084F161 /* Info.plist */,
			);
			name = Assets;
			sourceTree = "<group>";
		};
		287BEFEA1CCB210000852F95 /* Storage */ = {
			isa = PBXGroup;
			children = (
				287780E61CC9B5BF0084F161 /* GreatTeeth.xcdatamodeld */,
			);
			name = Storage;
			sourceTree = "<group>";
		};
		287BEFF11CCC1B3A00852F95 /* Libraries */ = {
			isa = PBXGroup;
			children = (
				287BEFEF1CCC1B3500852F95 /* KDCircularProgress.swift */,
			);
			name = Libraries;
			sourceTree = "<group>";
		};
/* End PBXGroup section */

/* Begin PBXNativeTarget section */
		287780DB1CC9B5BF0084F161 /* GreatTeeth */ = {
			isa = PBXNativeTarget;
			buildConfigurationList = 287780F11CC9B5BF0084F161 /* Build configuration list for PBXNativeTarget "GreatTeeth" */;
			buildPhases = (
				287780D81CC9B5BF0084F161 /* Sources */,
				287780D91CC9B5BF0084F161 /* Frameworks */,
				287780DA1CC9B5BF0084F161 /* Resources */,
			);
			buildRules = (
			);
			dependencies = (
			);
			name = GreatTeeth;
			productName = GreatTeeth;
			productReference = 287780DC1CC9B5BF0084F161 /* Great Teeth.app */;
			productType = "com.apple.product-type.application";
		};
/* End PBXNativeTarget section */

/* Begin PBXProject section */
		287780D41CC9B5BF0084F161 /* Project object */ = {
			isa = PBXProject;
			attributes = {
				LastSwiftUpdateCheck = 0730;
				LastUpgradeCheck = 0830;
				ORGANIZATIONNAME = "Aleksander Skjoelsvik";
				TargetAttributes = {
					287780DB1CC9B5BF0084F161 = {
						CreatedOnToolsVersion = 7.3;
						LastSwiftMigration = 0820;
					};
				};
			};
			buildConfigurationList = 287780D71CC9B5BF0084F161 /* Build configuration list for PBXProject "GreatTeeth" */;
			compatibilityVersion = "Xcode 3.2";
			developmentRegion = English;
			hasScannedForEncodings = 0;
			knownRegions = (
				en,
				Base,
			);
			mainGroup = 287780D31CC9B5BF0084F161;
			productRefGroup = 287780DD1CC9B5BF0084F161 /* Products */;
			projectDirPath = "";
			projectRoot = "";
			targets = (
				287780DB1CC9B5BF0084F161 /* GreatTeeth */,
			);
		};
/* End PBXProject section */

/* Begin PBXResourcesBuildPhase section */
		287780DA1CC9B5BF0084F161 /* Resources */ = {
			isa = PBXResourcesBuildPhase;
			buildActionMask = 2147483647;
			files = (
				287780ED1CC9B5BF0084F161 /* LaunchScreen.storyboard in Resources */,
				287780EA1CC9B5BF0084F161 /* Assets.xcassets in Resources */,
				287780E51CC9B5BF0084F161 /* Main.storyboard in Resources */,
			);
			runOnlyForDeploymentPostprocessing = 0;
		};
/* End PBXResourcesBuildPhase section */

/* Begin PBXSourcesBuildPhase section */
		287780D81CC9B5BF0084F161 /* Sources */ = {
			isa = PBXSourcesBuildPhase;
			buildActionMask = 2147483647;
			files = (
				286508C91CCC2A8F007C363F /* TipsViewController.swift in Sources */,
				286508C51CCC2907007C363F /* SetEveningViewController.swift in Sources */,
				286508C71CCC2907007C363F /* TimeTillReplacementViewController.swift in Sources */,
				287BEFF01CCC1B3500852F95 /* KDCircularProgress.swift in Sources */,
				287780F51CC9B64B0084F161 /* InitialViewController.swift in Sources */,
				287BEFEC1CCB282E00852F95 /* ActivityTracker.swift in Sources */,
				287780E81CC9B5BF0084F161 /* GreatTeeth.xcdatamodeld in Sources */,
				286508C61CCC2907007C363F /* SetMorningViewController.swift in Sources */,
				287780E01CC9B5BF0084F161 /* AppDelegate.swift in Sources */,
				287BEFEE1CCBFA7100852F95 /* SummaryViewController.swift in Sources */,
				286508C11CCC289B007C363F /* SettingsTableViewController.swift in Sources */,
			);
			runOnlyForDeploymentPostprocessing = 0;
		};
/* End PBXSourcesBuildPhase section */

/* Begin PBXVariantGroup section */
		287780E31CC9B5BF0084F161 /* Main.storyboard */ = {
			isa = PBXVariantGroup;
			children = (
				287780E41CC9B5BF0084F161 /* Base */,
			);
			name = Main.storyboard;
			sourceTree = "<group>";
		};
		287780EB1CC9B5BF0084F161 /* LaunchScreen.storyboard */ = {
			isa = PBXVariantGroup;
			children = (
				287780EC1CC9B5BF0084F161 /* Base */,
			);
			name = LaunchScreen.storyboard;
			sourceTree = "<group>";
		};
/* End PBXVariantGroup section */

/* Begin XCBuildConfiguration section */
		287780EF1CC9B5BF0084F161 /* Debug */ = {
			isa = XCBuildConfiguration;
			buildSettings = {
				ALWAYS_SEARCH_USER_PATHS = NO;
				CLANG_ANALYZER_NONNULL = YES;
				CLANG_CXX_LANGUAGE_STANDARD = "gnu++0x";
				CLANG_CXX_LIBRARY = "libc++";
				CLANG_ENABLE_MODULES = YES;
				CLANG_ENABLE_OBJC_ARC = YES;
				CLANG_WARN_BOOL_CONVERSION = YES;
				CLANG_WARN_CONSTANT_CONVERSION = YES;
				CLANG_WARN_DIRECT_OBJC_ISA_USAGE = YES_ERROR;
				CLANG_WARN_EMPTY_BODY = YES;
				CLANG_WARN_ENUM_CONVERSION = YES;
				CLANG_WARN_INFINITE_RECURSION = YES;
				CLANG_WARN_INT_CONVERSION = YES;
				CLANG_WARN_OBJC_ROOT_CLASS = YES_ERROR;
				CLANG_WARN_SUSPICIOUS_MOVE = YES;
				CLANG_WARN_UNREACHABLE_CODE = YES;
				CLANG_WARN__DUPLICATE_METHOD_MATCH = YES;
				"CODE_SIGN_IDENTITY[sdk=iphoneos*]" = "iPhone Developer";
				COPY_PHASE_STRIP = NO;
				DEBUG_INFORMATION_FORMAT = dwarf;
				ENABLE_STRICT_OBJC_MSGSEND = YES;
				ENABLE_TESTABILITY = YES;
				GCC_C_LANGUAGE_STANDARD = gnu99;
				GCC_DYNAMIC_NO_PIC = NO;
				GCC_NO_COMMON_BLOCKS = YES;
				GCC_OPTIMIZATION_LEVEL = 0;
				GCC_PREPROCESSOR_DEFINITIONS = (
					"DEBUG=1",
					"$(inherited)",
				);
				GCC_WARN_64_TO_32_BIT_CONVERSION = YES;
				GCC_WARN_ABOUT_RETURN_TYPE = YES_ERROR;
				GCC_WARN_UNDECLARED_SELECTOR = YES;
				GCC_WARN_UNINITIALIZED_AUTOS = YES_AGGRESSIVE;
				GCC_WARN_UNUSED_FUNCTION = YES;
				GCC_WARN_UNUSED_VARIABLE = YES;
				IPHONEOS_DEPLOYMENT_TARGET = 9.3;
				MTL_ENABLE_DEBUG_INFO = YES;
				ONLY_ACTIVE_ARCH = YES;
				SDKROOT = iphoneos;
				SWIFT_OPTIMIZATION_LEVEL = "-Onone";
			};
			name = Debug;
		};
		287780F01CC9B5BF0084F161 /* Release */ = {
			isa = XCBuildConfiguration;
			buildSettings = {
				ALWAYS_SEARCH_USER_PATHS = NO;
				CLANG_ANALYZER_NONNULL = YES;
				CLANG_CXX_LANGUAGE_STANDARD = "gnu++0x";
				CLANG_CXX_LIBRARY = "libc++";
				CLANG_ENABLE_MODULES = YES;
				CLANG_ENABLE_OBJC_ARC = YES;
				CLANG_WARN_BOOL_CONVERSION = YES;
				CLANG_WARN_CONSTANT_CONVERSION = YES;
				CLANG_WARN_DIRECT_OBJC_ISA_USAGE = YES_ERROR;
				CLANG_WARN_EMPTY_BODY = YES;
				CLANG_WARN_ENUM_CONVERSION = YES;
				CLANG_WARN_INFINITE_RECURSION = YES;
				CLANG_WARN_INT_CONVERSION = YES;
				CLANG_WARN_OBJC_ROOT_CLASS = YES_ERROR;
				CLANG_WARN_SUSPICIOUS_MOVE = YES;
				CLANG_WARN_UNREACHABLE_CODE = YES;
				CLANG_WARN__DUPLICATE_METHOD_MATCH = YES;
				"CODE_SIGN_IDENTITY[sdk=iphoneos*]" = "iPhone Developer";
				COPY_PHASE_STRIP = NO;
				DEBUG_INFORMATION_FORMAT = "dwarf-with-dsym";
				ENABLE_NS_ASSERTIONS = NO;
				ENABLE_STRICT_OBJC_MSGSEND = YES;
				GCC_C_LANGUAGE_STANDARD = gnu99;
				GCC_NO_COMMON_BLOCKS = YES;
				GCC_WARN_64_TO_32_BIT_CONVERSION = YES;
				GCC_WARN_ABOUT_RETURN_TYPE = YES_ERROR;
				GCC_WARN_UNDECLARED_SELECTOR = YES;
				GCC_WARN_UNINITIALIZED_AUTOS = YES_AGGRESSIVE;
				GCC_WARN_UNUSED_FUNCTION = YES;
				GCC_WARN_UNUSED_VARIABLE = YES;
				IPHONEOS_DEPLOYMENT_TARGET = 9.3;
				MTL_ENABLE_DEBUG_INFO = NO;
				SDKROOT = iphoneos;
				SWIFT_OPTIMIZATION_LEVEL = "-Owholemodule";
				VALIDATE_PRODUCT = YES;
			};
			name = Release;
		};
		287780F21CC9B5BF0084F161 /* Debug */ = {
			isa = XCBuildConfiguration;
			buildSettings = {
				ASSETCATALOG_COMPILER_APPICON_NAME = AppIcon;
				INFOPLIST_FILE = GreatTeeth/Info.plist;
				LD_RUNPATH_SEARCH_PATHS = "$(inherited) @executable_path/Frameworks";
				PRODUCT_BUNDLE_IDENTIFIER = me.aleksanders.GreatTeeth;
				PRODUCT_NAME = "Great Teeth";
				SWIFT_VERSION = 3.0;
			};
			name = Debug;
		};
		287780F31CC9B5BF0084F161 /* Release */ = {
			isa = XCBuildConfiguration;
			buildSettings = {
				ASSETCATALOG_COMPILER_APPICON_NAME = AppIcon;
				INFOPLIST_FILE = GreatTeeth/Info.plist;
				LD_RUNPATH_SEARCH_PATHS = "$(inherited) @executable_path/Frameworks";
				PRODUCT_BUNDLE_IDENTIFIER = me.aleksanders.GreatTeeth;
				PRODUCT_NAME = "Great Teeth";
				SWIFT_VERSION = 3.0;
			};
			name = Release;
		};
/* End XCBuildConfiguration section */

/* Begin XCConfigurationList section */
		287780D71CC9B5BF0084F161 /* Build configuration list for PBXProject "GreatTeeth" */ = {
			isa = XCConfigurationList;
			buildConfigurations = (
				287780EF1CC9B5BF0084F161 /* Debug */,
				287780F01CC9B5BF0084F161 /* Release */,
			);
			defaultConfigurationIsVisible = 0;
			defaultConfigurationName = Release;
		};
		287780F11CC9B5BF0084F161 /* Build configuration list for PBXNativeTarget "GreatTeeth" */ = {
			isa = XCConfigurationList;
			buildConfigurations = (
				287780F21CC9B5BF0084F161 /* Debug */,
				287780F31CC9B5BF0084F161 /* Release */,
			);
			defaultConfigurationIsVisible = 0;
			defaultConfigurationName = Release;
		};
/* End XCConfigurationList section */

/* Begin XCVersionGroup section */
		287780E61CC9B5BF0084F161 /* GreatTeeth.xcdatamodeld */ = {
			isa = XCVersionGroup;
			children = (
				287780E71CC9B5BF0084F161 /* GreatTeeth.xcdatamodel */,
			);
			currentVersion = 287780E71CC9B5BF0084F161 /* GreatTeeth.xcdatamodel */;
			path = GreatTeeth.xcdatamodeld;
			sourceTree = "<group>";
			versionGroupType = wrapper.xcdatamodel;
		};
/* End XCVersionGroup section */
	};
	rootObject = 287780D41CC9B5BF0084F161 /* Project object */;
}
